
Microsoft Visual Studio Solution File, Format Version 12.00
# Visual Studio Version 16
VisualStudioVersion = 16.0.31729.503
MinimumVisualStudioVersion = 10.0.40219.1
Project("{FAE04EC0-301F-11D3-BF4B-00C04F79EFBC}") = "Programming_CSharp", "Programming_CSharp\Programming_CSharp.csproj", "{11126C4A-2E70-4DE1-A2F2-0F8D3DBA86B8}"
EndProject
Global
	GlobalSection(SolutionConfigurationPlatforms) = preSolution
		Debug|Any CPU = Debug|Any CPU
		Release|Any CPU = Release|Any CPU
	EndGlobalSection
	GlobalSection(ProjectConfigurationPlatforms) = postSolution
		{11126C4A-2E70-4DE1-A2F2-0F8D3DBA86B8}.Debug|Any CPU.ActiveCfg = Debug|Any CPU
		{11126C4A-2E70-4DE1-A2F2-0F8D3DBA86B8}.Debug|Any CPU.Build.0 = Debug|Any CPU
		{11126C4A-2E70-4DE1-A2F2-0F8D3DBA86B8}.Release|Any CPU.ActiveCfg = Release|Any CPU
		{11126C4A-2E70-4DE1-A2F2-0F8D3DBA86B8}.Release|Any CPU.Build.0 = Release|Any CPU
	EndGlobalSection
	GlobalSection(SolutionProperties) = preSolution
		HideSolutionNode = FALSE
	EndGlobalSection
	GlobalSection(ExtensibilityGlobals) = postSolution
		SolutionGuid = {87279772-A723-4FB2-86B9-5790BFA0E18D}
	EndGlobalSection
EndGlobal
